<Solution>
  <Project Path="net.taptappun.RealtimeP2PKit.csproj" />
  <Project Path="net.taptappun.RealtimeP2PKit.Example.csproj" />
  <Project Path="net.taptappun.RealtimeP2PKit.Example.Localization.Tests.csproj" />
  <Project Path="Assembly-CSharp-Editor.csproj" />
  <Project Path="net.taptappun.RealtimeP2PKit.Editor.csproj" />
</Solution>
